{
  "name": "slog",
  "lockfileVersion": 3,
  "requires": true,
  "packages": {
    "": {
      "devDependencies": {
        "@cspell/dict-bash": "^4.1.8",
        "@cspell/dict-docker": "^1.1.11",
        "@cspell/dict-makefile": "^1.0.3",
        "@cspell/dict-markdown": "^2.0.7"
      }
    },
    "node_modules/@cspell/dict-bash": {
      "version": "4.1.8",
      "resolved": "https://registry.npmjs.org/@cspell/dict-bash/-/dict-bash-4.1.8.tgz",
      "integrity": "sha512-I2CM2pTNthQwW069lKcrVxchJGMVQBzru2ygsHCwgidXRnJL/NTjAPOFTxN58Jc1bf7THWghfEDyKX/oyfc0yg==",
      "dev": true
    },
    "node_modules/@cspell/dict-css": {
      "version": "4.0.16",
      "resolved": "https://registry.npmjs.org/@cspell/dict-css/-/dict-css-4.0.16.tgz",
      "integrity": "sha512-70qu7L9z/JR6QLyJPk38fNTKitlIHnfunx0wjpWQUQ8/jGADIhMCrz6hInBjqPNdtGpYm8d1dNFyF8taEkOgrQ==",
      "dev": true,
      "peer": true
    },
    "node_modules/@cspell/dict-docker": {
      "version": "1.1.11",
      "resolved": "https://registry.npmjs.org/@cspell/dict-docker/-/dict-docker-1.1.11.tgz",
      "integrity": "sha512-s0Yhb16/R+UT1y727ekbR/itWQF3Qz275DR1ahOa66wYtPjHUXmhM3B/LT3aPaX+hD6AWmK23v57SuyfYHUjsw==",
      "dev": true
    },
    "node_modules/@cspell/dict-html": {
      "version": "4.0.10",
      "resolved": "https://registry.npmjs.org/@cspell/dict-html/-/dict-html-4.0.10.tgz",
      "integrity": "sha512-I9uRAcdtHbh0wEtYZlgF0TTcgH0xaw1B54G2CW+tx4vHUwlde/+JBOfIzird4+WcMv4smZOfw+qHf7puFUbI5g==",
      "dev": true,
      "peer": true
    },
    "node_modules/@cspell/dict-html-symbol-entities": {
      "version": "4.0.3",
      "resolved": "https://registry.npmjs.org/@cspell/dict-html-symbol-entities/-/dict-html-symbol-entities-4.0.3.tgz",
      "integrity": "sha512-aABXX7dMLNFdSE8aY844X4+hvfK7977sOWgZXo4MTGAmOzR8524fjbJPswIBK7GaD3+SgFZ2yP2o0CFvXDGF+A==",
      "dev": true,
      "peer": true
    },
    "node_modules/@cspell/dict-makefile": {
      "version": "1.0.3",
      "resolved": "https://registry.npmjs.org/@cspell/dict-makefile/-/dict-makefile-1.0.3.tgz",
      "integrity": "sha512-R3U0DSpvTs6qdqfyBATnePj9Q/pypkje0Nj26mQJ8TOBQutCRAJbr2ZFAeDjgRx5EAJU/+8txiyVF97fbVRViw==",
      "dev": true
    },
    "node_modules/@cspell/dict-markdown": {
      "version": "2.0.7",
      "resolved": "https://registry.npmjs.org/@cspell/dict-markdown/-/dict-markdown-2.0.7.tgz",
      "integrity": "sha512-F9SGsSOokFn976DV4u/1eL4FtKQDSgJHSZ3+haPRU5ki6OEqojxKa8hhj4AUrtNFpmBaJx/WJ4YaEzWqG7hgqg==",
      "dev": true,
      "peerDependencies": {
        "@cspell/dict-css": "^4.0.16",
        "@cspell/dict-html": "^4.0.10",
        "@cspell/dict-html-symbol-entities": "^4.0.3",
        "@cspell/dict-typescript": "^3.1.11"
      }
    },
    "node_modules/@cspell/dict-typescript": {
      "version": "3.1.11",
      "resolved": "https://registry.npmjs.org/@cspell/dict-typescript/-/dict-typescript-3.1.11.tgz",
      "integrity": "sha512-FwvK5sKbwrVpdw0e9+1lVTl8FPoHYvfHRuQRQz2Ql5XkC0gwPPkpoyD1zYImjIyZRoYXk3yp9j8ss4iz7A7zoQ==",
      "dev": true,
      "peer": true
    }
  }
}
