{
  "name": "slog",
  "lockfileVersion": 3,
  "requires": true,
  "packages": {
    "": {
      "devDependencies": {
        "@cspell/dict-bash": "^4.1.8",
        "@cspell/dict-docker": "^1.1.11",
        "@cspell/dict-makefile": "^1.0.3",
        "@cspell/dict-markdown": "^2.0.5"
      }
    },
    "node_modules/@cspell/dict-bash": {
      "version": "4.1.8",
      "resolved": "https://registry.npmjs.org/@cspell/dict-bash/-/dict-bash-4.1.8.tgz",
      "integrity": "sha512-I2CM2pTNthQwW069lKcrVxchJGMVQBzru2ygsHCwgidXRnJL/NTjAPOFTxN58Jc1bf7THWghfEDyKX/oyfc0yg==",
      "dev": true
    },
    "node_modules/@cspell/dict-docker": {
      "version": "1.1.11",
      "resolved": "https://registry.npmjs.org/@cspell/dict-docker/-/dict-docker-1.1.11.tgz",
      "integrity": "sha512-s0Yhb16/R+UT1y727ekbR/itWQF3Qz275DR1ahOa66wYtPjHUXmhM3B/LT3aPaX+hD6AWmK23v57SuyfYHUjsw==",
      "dev": true
    },
    "node_modules/@cspell/dict-makefile": {
      "version": "1.0.3",
      "resolved": "https://registry.npmjs.org/@cspell/dict-makefile/-/dict-makefile-1.0.3.tgz",
      "integrity": "sha512-R3U0DSpvTs6qdqfyBATnePj9Q/pypkje0Nj26mQJ8TOBQutCRAJbr2ZFAeDjgRx5EAJU/+8txiyVF97fbVRViw==",
      "dev": true
    },
    "node_modules/@cspell/dict-markdown": {
      "version": "2.0.5",
      "resolved": "https://registry.npmjs.org/@cspell/dict-markdown/-/dict-markdown-2.0.5.tgz",
      "integrity": "sha512-gR8SDjcLHYPbejur7xdzYyStWzRSF+yQI8ntxgDoI5aqXvRTFq6NoARh9+7/cbY33cgsmYJsIYtHLgaL/9RjjQ==",
      "dev": true
    }
  }
}
